
Microsoft Visual Studio Solution File, Format Version 12.00
# Visual Studio Version 17
VisualStudioVersion = 17.8.34525.116
MinimumVisualStudioVersion = 10.0.40219.1
Project("{9A19103F-16F7-4668-BE54-9A1E7A4F7556}") = "SprinklerApp", "SprinklerApp\SprinklerApp.csproj", "{1BC2DD51-C62B-4939-BE7E-4300F87E3E32}"
	ProjectSection(ProjectDependencies) = postProject
		{3FFAA527-5FE3-4AC9-8D8B-8AA7F4A75351} = {3FFAA527-5FE3-4AC9-8D8B-8AA7F4A75351}
	EndProjectSection
EndProject
Project("{9A19103F-16F7-4668-BE54-9A1E7A4F7556}") = "Model", "Model\Model.csproj", "{3FFAA527-5FE3-4AC9-8D8B-8AA7F4A75351}"
EndProject
Project("{9A19103F-16F7-4668-BE54-9A1E7A4F7556}") = "DataBaseService", "DataBaseService\DataBaseService.csproj", "{4EAF9A39-C184-48D3-99BF-A58E4721BE33}"
EndProject
Project("{9A19103F-16F7-4668-BE54-9A1E7A4F7556}") = "GateApiSpirinklerApp", "GateApiSpirinklerApp\GateApiSpirinklerApp.csproj", "{E4F743EE-8425-4CDF-A120-980BB92E9643}"
EndProject
Global
	GlobalSection(SolutionConfigurationPlatforms) = preSolution
		Debug|Any CPU = Debug|Any CPU
		Debug|ARM64 = Debug|ARM64
		Debug|x64 = Debug|x64
		Debug|x86 = Debug|x86
		Release|Any CPU = Release|Any CPU
		Release|ARM64 = Release|ARM64
		Release|x64 = Release|x64
		Release|x86 = Release|x86
	EndGlobalSection
	GlobalSection(ProjectConfigurationPlatforms) = postSolution
		{1BC2DD51-C62B-4939-BE7E-4300F87E3E32}.Debug|Any CPU.ActiveCfg = Debug|Any CPU
		{1BC2DD51-C62B-4939-BE7E-4300F87E3E32}.Debug|Any CPU.Build.0 = Debug|Any CPU
		{1BC2DD51-C62B-4939-BE7E-4300F87E3E32}.Debug|Any CPU.Deploy.0 = Debug|Any CPU
		{1BC2DD51-C62B-4939-BE7E-4300F87E3E32}.Debug|ARM64.ActiveCfg = Debug|Any CPU
		{1BC2DD51-C62B-4939-BE7E-4300F87E3E32}.Debug|ARM64.Build.0 = Debug|Any CPU
		{1BC2DD51-C62B-4939-BE7E-4300F87E3E32}.Debug|ARM64.Deploy.0 = Debug|Any CPU
		{1BC2DD51-C62B-4939-BE7E-4300F87E3E32}.Debug|x64.ActiveCfg = Debug|Any CPU
		{1BC2DD51-C62B-4939-BE7E-4300F87E3E32}.Debug|x64.Build.0 = Debug|Any CPU
		{1BC2DD51-C62B-4939-BE7E-4300F87E3E32}.Debug|x64.Deploy.0 = Debug|Any CPU
		{1BC2DD51-C62B-4939-BE7E-4300F87E3E32}.Debug|x86.ActiveCfg = Debug|Any CPU
		{1BC2DD51-C62B-4939-BE7E-4300F87E3E32}.Debug|x86.Build.0 = Debug|Any CPU
		{1BC2DD51-C62B-4939-BE7E-4300F87E3E32}.Debug|x86.Deploy.0 = Debug|Any CPU
		{1BC2DD51-C62B-4939-BE7E-4300F87E3E32}.Release|Any CPU.ActiveCfg = Release|Any CPU
		{1BC2DD51-C62B-4939-BE7E-4300F87E3E32}.Release|Any CPU.Build.0 = Release|Any CPU
		{1BC2DD51-C62B-4939-BE7E-4300F87E3E32}.Release|Any CPU.Deploy.0 = Release|Any CPU
		{1BC2DD51-C62B-4939-BE7E-4300F87E3E32}.Release|ARM64.ActiveCfg = Release|Any CPU
		{1BC2DD51-C62B-4939-BE7E-4300F87E3E32}.Release|ARM64.Build.0 = Release|Any CPU
		{1BC2DD51-C62B-4939-BE7E-4300F87E3E32}.Release|ARM64.Deploy.0 = Release|Any CPU
		{1BC2DD51-C62B-4939-BE7E-4300F87E3E32}.Release|x64.ActiveCfg = Release|Any CPU
		{1BC2DD51-C62B-4939-BE7E-4300F87E3E32}.Release|x64.Build.0 = Release|Any CPU
		{1BC2DD51-C62B-4939-BE7E-4300F87E3E32}.Release|x64.Deploy.0 = Release|Any CPU
		{1BC2DD51-C62B-4939-BE7E-4300F87E3E32}.Release|x86.ActiveCfg = Release|Any CPU
		{1BC2DD51-C62B-4939-BE7E-4300F87E3E32}.Release|x86.Build.0 = Release|Any CPU
		{1BC2DD51-C62B-4939-BE7E-4300F87E3E32}.Release|x86.Deploy.0 = Release|Any CPU
		{3FFAA527-5FE3-4AC9-8D8B-8AA7F4A75351}.Debug|Any CPU.ActiveCfg = Debug|Any CPU
		{3FFAA527-5FE3-4AC9-8D8B-8AA7F4A75351}.Debug|Any CPU.Build.0 = Debug|Any CPU
		{3FFAA527-5FE3-4AC9-8D8B-8AA7F4A75351}.Debug|ARM64.ActiveCfg = Debug|Any CPU
		{3FFAA527-5FE3-4AC9-8D8B-8AA7F4A75351}.Debug|ARM64.Build.0 = Debug|Any CPU
		{3FFAA527-5FE3-4AC9-8D8B-8AA7F4A75351}.Debug|x64.ActiveCfg = Debug|Any CPU
		{3FFAA527-5FE3-4AC9-8D8B-8AA7F4A75351}.Debug|x64.Build.0 = Debug|Any CPU
		{3FFAA527-5FE3-4AC9-8D8B-8AA7F4A75351}.Debug|x86.ActiveCfg = Debug|Any CPU
		{3FFAA527-5FE3-4AC9-8D8B-8AA7F4A75351}.Debug|x86.Build.0 = Debug|Any CPU
		{3FFAA527-5FE3-4AC9-8D8B-8AA7F4A75351}.Release|Any CPU.ActiveCfg = Release|Any CPU
		{3FFAA527-5FE3-4AC9-8D8B-8AA7F4A75351}.Release|Any CPU.Build.0 = Release|Any CPU
		{3FFAA527-5FE3-4AC9-8D8B-8AA7F4A75351}.Release|ARM64.ActiveCfg = Release|Any CPU
		{3FFAA527-5FE3-4AC9-8D8B-8AA7F4A75351}.Release|ARM64.Build.0 = Release|Any CPU
		{3FFAA527-5FE3-4AC9-8D8B-8AA7F4A75351}.Release|x64.ActiveCfg = Release|Any CPU
		{3FFAA527-5FE3-4AC9-8D8B-8AA7F4A75351}.Release|x64.Build.0 = Release|Any CPU
		{3FFAA527-5FE3-4AC9-8D8B-8AA7F4A75351}.Release|x86.ActiveCfg = Release|Any CPU
		{3FFAA527-5FE3-4AC9-8D8B-8AA7F4A75351}.Release|x86.Build.0 = Release|Any CPU
		{4EAF9A39-C184-48D3-99BF-A58E4721BE33}.Debug|Any CPU.ActiveCfg = Debug|Any CPU
		{4EAF9A39-C184-48D3-99BF-A58E4721BE33}.Debug|Any CPU.Build.0 = Debug|Any CPU
		{4EAF9A39-C184-48D3-99BF-A58E4721BE33}.Debug|ARM64.ActiveCfg = Debug|Any CPU
		{4EAF9A39-C184-48D3-99BF-A58E4721BE33}.Debug|ARM64.Build.0 = Debug|Any CPU
		{4EAF9A39-C184-48D3-99BF-A58E4721BE33}.Debug|x64.ActiveCfg = Debug|Any CPU
		{4EAF9A39-C184-48D3-99BF-A58E4721BE33}.Debug|x64.Build.0 = Debug|Any CPU
		{4EAF9A39-C184-48D3-99BF-A58E4721BE33}.Debug|x86.ActiveCfg = Debug|Any CPU
		{4EAF9A39-C184-48D3-99BF-A58E4721BE33}.Debug|x86.Build.0 = Debug|Any CPU
		{4EAF9A39-C184-48D3-99BF-A58E4721BE33}.Release|Any CPU.ActiveCfg = Release|Any CPU
		{4EAF9A39-C184-48D3-99BF-A58E4721BE33}.Release|Any CPU.Build.0 = Release|Any CPU
		{4EAF9A39-C184-48D3-99BF-A58E4721BE33}.Release|ARM64.ActiveCfg = Release|Any CPU
		{4EAF9A39-C184-48D3-99BF-A58E4721BE33}.Release|ARM64.Build.0 = Release|Any CPU
		{4EAF9A39-C184-48D3-99BF-A58E4721BE33}.Release|x64.ActiveCfg = Release|Any CPU
		{4EAF9A39-C184-48D3-99BF-A58E4721BE33}.Release|x64.Build.0 = Release|Any CPU
		{4EAF9A39-C184-48D3-99BF-A58E4721BE33}.Release|x86.ActiveCfg = Release|Any CPU
		{4EAF9A39-C184-48D3-99BF-A58E4721BE33}.Release|x86.Build.0 = Release|Any CPU
		{E4F743EE-8425-4CDF-A120-980BB92E9643}.Debug|Any CPU.ActiveCfg = Debug|Any CPU
		{E4F743EE-8425-4CDF-A120-980BB92E9643}.Debug|Any CPU.Build.0 = Debug|Any CPU
		{E4F743EE-8425-4CDF-A120-980BB92E9643}.Debug|ARM64.ActiveCfg = Debug|Any CPU
		{E4F743EE-8425-4CDF-A120-980BB92E9643}.Debug|ARM64.Build.0 = Debug|Any CPU
		{E4F743EE-8425-4CDF-A120-980BB92E9643}.Debug|x64.ActiveCfg = Debug|Any CPU
		{E4F743EE-8425-4CDF-A120-980BB92E9643}.Debug|x64.Build.0 = Debug|Any CPU
		{E4F743EE-8425-4CDF-A120-980BB92E9643}.Debug|x86.ActiveCfg = Debug|Any CPU
		{E4F743EE-8425-4CDF-A120-980BB92E9643}.Debug|x86.Build.0 = Debug|Any CPU
		{E4F743EE-8425-4CDF-A120-980BB92E9643}.Release|Any CPU.ActiveCfg = Release|Any CPU
		{E4F743EE-8425-4CDF-A120-980BB92E9643}.Release|Any CPU.Build.0 = Release|Any CPU
		{E4F743EE-8425-4CDF-A120-980BB92E9643}.Release|ARM64.ActiveCfg = Release|Any CPU
		{E4F743EE-8425-4CDF-A120-980BB92E9643}.Release|ARM64.Build.0 = Release|Any CPU
		{E4F743EE-8425-4CDF-A120-980BB92E9643}.Release|x64.ActiveCfg = Release|Any CPU
		{E4F743EE-8425-4CDF-A120-980BB92E9643}.Release|x64.Build.0 = Release|Any CPU
		{E4F743EE-8425-4CDF-A120-980BB92E9643}.Release|x86.ActiveCfg = Release|Any CPU
		{E4F743EE-8425-4CDF-A120-980BB92E9643}.Release|x86.Build.0 = Release|Any CPU
	EndGlobalSection
	GlobalSection(SolutionProperties) = preSolution
		HideSolutionNode = FALSE
	EndGlobalSection
	GlobalSection(ExtensibilityGlobals) = postSolution
		SolutionGuid = {C71B494D-5A6C-4BFE-9116-4AC8641E9FF2}
	EndGlobalSection
EndGlobal
